
Microsoft Visual Studio Solution File, Format Version 12.00
# Visual Studio Version 17
VisualStudioVersion = 17.14.36301.6
MinimumVisualStudioVersion = 10.0.40219.1
Project("{2150E333-8FDC-42A3-9474-1A3956D46DE8}") = "Src", "Src", "{02EA681E-C7D8-13C7-8484-4AC65E1B71E8}"
EndProject
Project("{2150E333-8FDC-42A3-9474-1A3956D46DE8}") = "test", "test", "{0141C318-A8D0-437D-8D66-2563D3673999}"
EndProject
Project("{2150E333-8FDC-42A3-9474-1A3956D46DE8}") = "APIs", "APIs", "{35C2885D-C73B-4CBD-8B13-F97E0A9E8C28}"
EndProject
Project("{2150E333-8FDC-42A3-9474-1A3956D46DE8}") = "Core", "Core", "{2AA65B6B-E080-4280-B51E-3E0EB86E42FA}"
EndProject
Project("{2150E333-8FDC-42A3-9474-1A3956D46DE8}") = "Infrastructure", "Infrastructure", "{7F1AC413-88D6-45D6-862C-725F25D5CD36}"
EndProject
Project("{2150E333-8FDC-42A3-9474-1A3956D46DE8}") = "Ui", "Ui", "{9EEB6D57-05C3-4E6F-A969-88921D8E5E56}"
EndProject
Project("{2150E333-8FDC-42A3-9474-1A3956D46DE8}") = "Client", "Client", "{F3263C57-9C85-48BD-BA05-DC17D010B4A0}"
EndProject
Project("{2150E333-8FDC-42A3-9474-1A3956D46DE8}") = "Dashboard", "Dashboard", "{2579AE4F-8C7E-45F1-9938-727E6527041A}"
EndProject
Project("{FAE04EC0-301F-11D3-BF4B-00C04F79EFBC}") = "Talabat.APIs", "Talabat.APIs\Talabat.APIs.csproj", "{0C257984-BA81-4DBF-AEA1-0A7A0BA8DBD6}"
EndProject
Project("{FAE04EC0-301F-11D3-BF4B-00C04F79EFBC}") = "Talabat.Core.Domain", "Talabat.Core.Domain\Talabat.Core.Domain.csproj", "{EBD76B1E-4696-4FCD-8CFF-A3A063B90E03}"
EndProject
Project("{FAE04EC0-301F-11D3-BF4B-00C04F79EFBC}") = "Talabat.Core.Application", "Talabat.Core.Application\Talabat.Core.Application.csproj", "{B6479CFB-20D4-4FFC-BA24-E1543DAE3443}"
EndProject
Project("{FAE04EC0-301F-11D3-BF4B-00C04F79EFBC}") = "Talabat.Core.Application.Abstraction", "Talabat.Core.Application.Abstraction\Talabat.Core.Application.Abstraction.csproj", "{6EB5C5F1-636D-40AC-84A6-7293E6D38823}"
EndProject
Project("{FAE04EC0-301F-11D3-BF4B-00C04F79EFBC}") = "Talabat.Infrastructure", "Talabat.Infrastructure\Talabat.Infrastructure.csproj", "{9B2AA29F-60BD-49F9-BF32-EB7945F54C72}"
EndProject
Project("{FAE04EC0-301F-11D3-BF4B-00C04F79EFBC}") = "Talabat.Infrastructure.Persistence", "Talabat.Infrastructure.Persistence\Talabat.Infrastructure.Persistence.csproj", "{50F2E97E-6C06-4453-9D04-E9D88A50E3B4}"
EndProject
Project("{FAE04EC0-301F-11D3-BF4B-00C04F79EFBC}") = "Talabat.Core.Dashboard", "Talabat.Core.Dashboard\Talabat.Core.Dashboard.csproj", "{6712F388-BDDF-4A1E-A147-1C4B856D77E1}"
EndProject
Project("{FAE04EC0-301F-11D3-BF4B-00C04F79EFBC}") = "Talabat.APIs.Controllers", "Talabat.APIs.Controllers\Talabat.APIs.Controllers.csproj", "{7ACECC80-0564-4EFD-90F5-CF79766BE12D}"
EndProject
Project("{2150E333-8FDC-42A3-9474-1A3956D46DE8}") = "Shared", "Shared", "{5B47B003-5FFD-4F30-91A1-3F6DD50B9055}"
EndProject
Project("{FAE04EC0-301F-11D3-BF4B-00C04F79EFBC}") = "Talabat.Shared", "Talabat.Shared\Talabat.Shared.csproj", "{FF5A4E6B-7A1D-4849-B6B6-19E06719EE71}"
EndProject
Global
	GlobalSection(SolutionConfigurationPlatforms) = preSolution
		Debug|Any CPU = Debug|Any CPU
		Release|Any CPU = Release|Any CPU
	EndGlobalSection
	GlobalSection(ProjectConfigurationPlatforms) = postSolution
		{0C257984-BA81-4DBF-AEA1-0A7A0BA8DBD6}.Debug|Any CPU.ActiveCfg = Debug|Any CPU
		{0C257984-BA81-4DBF-AEA1-0A7A0BA8DBD6}.Debug|Any CPU.Build.0 = Debug|Any CPU
		{0C257984-BA81-4DBF-AEA1-0A7A0BA8DBD6}.Release|Any CPU.ActiveCfg = Release|Any CPU
		{0C257984-BA81-4DBF-AEA1-0A7A0BA8DBD6}.Release|Any CPU.Build.0 = Release|Any CPU
		{EBD76B1E-4696-4FCD-8CFF-A3A063B90E03}.Debug|Any CPU.ActiveCfg = Debug|Any CPU
		{EBD76B1E-4696-4FCD-8CFF-A3A063B90E03}.Debug|Any CPU.Build.0 = Debug|Any CPU
		{EBD76B1E-4696-4FCD-8CFF-A3A063B90E03}.Release|Any CPU.ActiveCfg = Release|Any CPU
		{EBD76B1E-4696-4FCD-8CFF-A3A063B90E03}.Release|Any CPU.Build.0 = Release|Any CPU
		{B6479CFB-20D4-4FFC-BA24-E1543DAE3443}.Debug|Any CPU.ActiveCfg = Debug|Any CPU
		{B6479CFB-20D4-4FFC-BA24-E1543DAE3443}.Debug|Any CPU.Build.0 = Debug|Any CPU
		{B6479CFB-20D4-4FFC-BA24-E1543DAE3443}.Release|Any CPU.ActiveCfg = Release|Any CPU
		{B6479CFB-20D4-4FFC-BA24-E1543DAE3443}.Release|Any CPU.Build.0 = Release|Any CPU
		{6EB5C5F1-636D-40AC-84A6-7293E6D38823}.Debug|Any CPU.ActiveCfg = Debug|Any CPU
		{6EB5C5F1-636D-40AC-84A6-7293E6D38823}.Debug|Any CPU.Build.0 = Debug|Any CPU
		{6EB5C5F1-636D-40AC-84A6-7293E6D38823}.Release|Any CPU.ActiveCfg = Release|Any CPU
		{6EB5C5F1-636D-40AC-84A6-7293E6D38823}.Release|Any CPU.Build.0 = Release|Any CPU
		{9B2AA29F-60BD-49F9-BF32-EB7945F54C72}.Debug|Any CPU.ActiveCfg = Debug|Any CPU
		{9B2AA29F-60BD-49F9-BF32-EB7945F54C72}.Debug|Any CPU.Build.0 = Debug|Any CPU
		{9B2AA29F-60BD-49F9-BF32-EB7945F54C72}.Release|Any CPU.ActiveCfg = Release|Any CPU
		{9B2AA29F-60BD-49F9-BF32-EB7945F54C72}.Release|Any CPU.Build.0 = Release|Any CPU
		{50F2E97E-6C06-4453-9D04-E9D88A50E3B4}.Debug|Any CPU.ActiveCfg = Debug|Any CPU
		{50F2E97E-6C06-4453-9D04-E9D88A50E3B4}.Debug|Any CPU.Build.0 = Debug|Any CPU
		{50F2E97E-6C06-4453-9D04-E9D88A50E3B4}.Release|Any CPU.ActiveCfg = Release|Any CPU
		{50F2E97E-6C06-4453-9D04-E9D88A50E3B4}.Release|Any CPU.Build.0 = Release|Any CPU
		{6712F388-BDDF-4A1E-A147-1C4B856D77E1}.Debug|Any CPU.ActiveCfg = Debug|Any CPU
		{6712F388-BDDF-4A1E-A147-1C4B856D77E1}.Debug|Any CPU.Build.0 = Debug|Any CPU
		{6712F388-BDDF-4A1E-A147-1C4B856D77E1}.Release|Any CPU.ActiveCfg = Release|Any CPU
		{6712F388-BDDF-4A1E-A147-1C4B856D77E1}.Release|Any CPU.Build.0 = Release|Any CPU
		{7ACECC80-0564-4EFD-90F5-CF79766BE12D}.Debug|Any CPU.ActiveCfg = Debug|Any CPU
		{7ACECC80-0564-4EFD-90F5-CF79766BE12D}.Debug|Any CPU.Build.0 = Debug|Any CPU
		{7ACECC80-0564-4EFD-90F5-CF79766BE12D}.Release|Any CPU.ActiveCfg = Release|Any CPU
		{7ACECC80-0564-4EFD-90F5-CF79766BE12D}.Release|Any CPU.Build.0 = Release|Any CPU
		{FF5A4E6B-7A1D-4849-B6B6-19E06719EE71}.Debug|Any CPU.ActiveCfg = Debug|Any CPU
		{FF5A4E6B-7A1D-4849-B6B6-19E06719EE71}.Debug|Any CPU.Build.0 = Debug|Any CPU
		{FF5A4E6B-7A1D-4849-B6B6-19E06719EE71}.Release|Any CPU.ActiveCfg = Release|Any CPU
		{FF5A4E6B-7A1D-4849-B6B6-19E06719EE71}.Release|Any CPU.Build.0 = Release|Any CPU
	EndGlobalSection
	GlobalSection(SolutionProperties) = preSolution
		HideSolutionNode = FALSE
	EndGlobalSection
	GlobalSection(NestedProjects) = preSolution
		{35C2885D-C73B-4CBD-8B13-F97E0A9E8C28} = {02EA681E-C7D8-13C7-8484-4AC65E1B71E8}
		{2AA65B6B-E080-4280-B51E-3E0EB86E42FA} = {02EA681E-C7D8-13C7-8484-4AC65E1B71E8}
		{7F1AC413-88D6-45D6-862C-725F25D5CD36} = {02EA681E-C7D8-13C7-8484-4AC65E1B71E8}
		{9EEB6D57-05C3-4E6F-A969-88921D8E5E56} = {02EA681E-C7D8-13C7-8484-4AC65E1B71E8}
		{F3263C57-9C85-48BD-BA05-DC17D010B4A0} = {9EEB6D57-05C3-4E6F-A969-88921D8E5E56}
		{2579AE4F-8C7E-45F1-9938-727E6527041A} = {9EEB6D57-05C3-4E6F-A969-88921D8E5E56}
		{0C257984-BA81-4DBF-AEA1-0A7A0BA8DBD6} = {35C2885D-C73B-4CBD-8B13-F97E0A9E8C28}
		{EBD76B1E-4696-4FCD-8CFF-A3A063B90E03} = {2AA65B6B-E080-4280-B51E-3E0EB86E42FA}
		{B6479CFB-20D4-4FFC-BA24-E1543DAE3443} = {2AA65B6B-E080-4280-B51E-3E0EB86E42FA}
		{6EB5C5F1-636D-40AC-84A6-7293E6D38823} = {2AA65B6B-E080-4280-B51E-3E0EB86E42FA}
		{9B2AA29F-60BD-49F9-BF32-EB7945F54C72} = {7F1AC413-88D6-45D6-862C-725F25D5CD36}
		{50F2E97E-6C06-4453-9D04-E9D88A50E3B4} = {7F1AC413-88D6-45D6-862C-725F25D5CD36}
		{6712F388-BDDF-4A1E-A147-1C4B856D77E1} = {2579AE4F-8C7E-45F1-9938-727E6527041A}
		{7ACECC80-0564-4EFD-90F5-CF79766BE12D} = {35C2885D-C73B-4CBD-8B13-F97E0A9E8C28}
		{5B47B003-5FFD-4F30-91A1-3F6DD50B9055} = {02EA681E-C7D8-13C7-8484-4AC65E1B71E8}
		{FF5A4E6B-7A1D-4849-B6B6-19E06719EE71} = {5B47B003-5FFD-4F30-91A1-3F6DD50B9055}
	EndGlobalSection
	GlobalSection(ExtensibilityGlobals) = postSolution
		SolutionGuid = {555ED344-6DC8-4729-B6EE-47DEB52D2278}
	EndGlobalSection
EndGlobal
